// !$*UTF8*$!
{
	archiveVersion = 1;
	classes = {
	};
	objectVersion = 50;
	objects = {

/* Begin PBXBuildFile section */
		3674C95F23B6DAA20076A0D5 /* Main.storyboard in Resources */ = {isa = PBXBuildFile; fileRef = 3674C95D23B6DAA20076A0D5 /* Main.storyboard */; };
		3674C96123B6DAA40076A0D5 /* Assets.xcassets in Resources */ = {isa = PBXBuildFile; fileRef = 3674C96023B6DAA40076A0D5 /* Assets.xcassets */; };
		3674C96423B6DAA40076A0D5 /* LaunchScreen.storyboard in Resources */ = {isa = PBXBuildFile; fileRef = 3674C96223B6DAA40076A0D5 /* LaunchScreen.storyboard */; };
		3674C96723B6DAA40076A0D5 /* main.m in Sources */ = {isa = PBXBuildFile; fileRef = 3674C96623B6DAA40076A0D5 /* main.m */; };
		3674C97123B6DAA40076A0D5 /* TFY_BannerscrollTests.m in Sources */ = {isa = PBXBuildFile; fileRef = 3674C97023B6DAA40076A0D5 /* TFY_BannerscrollTests.m */; };
		3674C97C23B6DAA40076A0D5 /* TFY_BannerscrollUITests.m in Sources */ = {isa = PBXBuildFile; fileRef = 3674C97B23B6DAA40076A0D5 /* TFY_BannerscrollUITests.m */; };
		3674C99223B6DB200076A0D5 /* ViewController.m in Sources */ = {isa = PBXBuildFile; fileRef = 3674C98C23B6DB200076A0D5 /* ViewController.m */; };
		3674C99323B6DB200076A0D5 /* SceneDelegate.m in Sources */ = {isa = PBXBuildFile; fileRef = 3674C98D23B6DB200076A0D5 /* SceneDelegate.m */; };
		3674C99423B6DB200076A0D5 /* AppDelegate.m in Sources */ = {isa = PBXBuildFile; fileRef = 3674C98E23B6DB200076A0D5 /* AppDelegate.m */; };
		3674C99723B6DE850076A0D5 /* UIImageView+Bannerscroll.m in Sources */ = {isa = PBXBuildFile; fileRef = 3674C99623B6DE850076A0D5 /* UIImageView+Bannerscroll.m */; };
		3674C99B23B6E0D90076A0D5 /* TFY_BannerControl.m in Sources */ = {isa = PBXBuildFile; fileRef = 3674C99A23B6E0D90076A0D5 /* TFY_BannerControl.m */; };
		3674C99E23B6E1A00076A0D5 /* TFY_BannerParam.m in Sources */ = {isa = PBXBuildFile; fileRef = 3674C99D23B6E1A00076A0D5 /* TFY_BannerParam.m */; };
		3674C9A223B708DE0076A0D5 /* TFY_BannerFlowLayout.m in Sources */ = {isa = PBXBuildFile; fileRef = 3674C9A123B708DE0076A0D5 /* TFY_BannerFlowLayout.m */; };
		3674C9A523B70A300076A0D5 /* TFY_BannerOverLayout.m in Sources */ = {isa = PBXBuildFile; fileRef = 3674C9A423B70A300076A0D5 /* TFY_BannerOverLayout.m */; };
		3674C9A823B70B300076A0D5 /* TFY_BannerView.m in Sources */ = {isa = PBXBuildFile; fileRef = 3674C9A723B70B300076A0D5 /* TFY_BannerView.m */; };
		3674C9CC23B70FAE0076A0D5 /* demoOne.m in Sources */ = {isa = PBXBuildFile; fileRef = 3674C9AD23B70FAE0076A0D5 /* demoOne.m */; };
		3674C9CD23B70FAE0076A0D5 /* demoNormal.m in Sources */ = {isa = PBXBuildFile; fileRef = 3674C9B123B70FAE0076A0D5 /* demoNormal.m */; };
		3674C9CE23B70FAE0076A0D5 /* DemoTianMao.m in Sources */ = {isa = PBXBuildFile; fileRef = 3674C9B423B70FAE0076A0D5 /* DemoTianMao.m */; };
		3674C9CF23B70FAE0076A0D5 /* TianMaoCell.m in Sources */ = {isa = PBXBuildFile; fileRef = 3674C9B523B70FAE0076A0D5 /* TianMaoCell.m */; };
		3674C9D023B70FAE0076A0D5 /* DemoCard.m in Sources */ = {isa = PBXBuildFile; fileRef = 3674C9B823B70FAE0076A0D5 /* DemoCard.m */; };
		3674C9D123B70FAE0076A0D5 /* MyCell.m in Sources */ = {isa = PBXBuildFile; fileRef = 3674C9BB23B70FAE0076A0D5 /* MyCell.m */; };
		3674C9D223B70FAE0076A0D5 /* DemoMarqueen.m in Sources */ = {isa = PBXBuildFile; fileRef = 3674C9BD23B70FAE0076A0D5 /* DemoMarqueen.m */; };
		3674C9D323B70FAE0076A0D5 /* KuaiBaoCell.m in Sources */ = {isa = PBXBuildFile; fileRef = 3674C9C023B70FAE0076A0D5 /* KuaiBaoCell.m */; };
		3674C9D423B70FAE0076A0D5 /* DemoDianshang.m in Sources */ = {isa = PBXBuildFile; fileRef = 3674C9C123B70FAE0076A0D5 /* DemoDianshang.m */; };
		3674C9D523B70FAE0076A0D5 /* marqueCell.m in Sources */ = {isa = PBXBuildFile; fileRef = 3674C9C223B70FAE0076A0D5 /* marqueCell.m */; };
		3674C9D623B70FAE0076A0D5 /* DemoAdd.m in Sources */ = {isa = PBXBuildFile; fileRef = 3674C9C723B70FAE0076A0D5 /* DemoAdd.m */; };
		3674C9D723B70FAE0076A0D5 /* DemoPageControl.m in Sources */ = {isa = PBXBuildFile; fileRef = 3674C9CB23B70FAE0076A0D5 /* DemoPageControl.m */; };
/* End PBXBuildFile section */

/* Begin PBXContainerItemProxy section */
		3674C96D23B6DAA40076A0D5 /* PBXContainerItemProxy */ = {
			isa = PBXContainerItemProxy;
			containerPortal = 3674C94923B6DAA20076A0D5 /* Project object */;
			proxyType = 1;
			remoteGlobalIDString = 3674C95023B6DAA20076A0D5;
			remoteInfo = TFY_Bannerscroll;
		};
		3674C97823B6DAA40076A0D5 /* PBXContainerItemProxy */ = {
			isa = PBXContainerItemProxy;
			containerPortal = 3674C94923B6DAA20076A0D5 /* Project object */;
			proxyType = 1;
			remoteGlobalIDString = 3674C95023B6DAA20076A0D5;
			remoteInfo = TFY_Bannerscroll;
		};
/* End PBXContainerItemProxy section */

/* Begin PBXFileReference section */
		3674C95123B6DAA20076A0D5 /* TFY_Bannerscroll.app */ = {isa = PBXFileReference; explicitFileType = wrapper.application; includeInIndex = 0; path = TFY_Bannerscroll.app; sourceTree = BUILT_PRODUCTS_DIR; };
		3674C95E23B6DAA20076A0D5 /* Base */ = {isa = PBXFileReference; lastKnownFileType = file.storyboard; name = Base; path = Base.lproj/Main.storyboard; sourceTree = "<group>"; };
		3674C96023B6DAA40076A0D5 /* Assets.xcassets */ = {isa = PBXFileReference; lastKnownFileType = folder.assetcatalog; path = Assets.xcassets; sourceTree = "<group>"; };
		3674C96323B6DAA40076A0D5 /* Base */ = {isa = PBXFileReference; lastKnownFileType = file.storyboard; name = Base; path = Base.lproj/LaunchScreen.storyboard; sourceTree = "<group>"; };
		3674C96523B6DAA40076A0D5 /* Info.plist */ = {isa = PBXFileReference; lastKnownFileType = text.plist.xml; path = Info.plist; sourceTree = "<group>"; };
		3674C96623B6DAA40076A0D5 /* main.m */ = {isa = PBXFileReference; lastKnownFileType = sourcecode.c.objc; path = main.m; sourceTree = "<group>"; };
		3674C96C23B6DAA40076A0D5 /* TFY_BannerscrollTests.xctest */ = {isa = PBXFileReference; explicitFileType = wrapper.cfbundle; includeInIndex = 0; path = TFY_BannerscrollTests.xctest; sourceTree = BUILT_PRODUCTS_DIR; };
		3674C97023B6DAA40076A0D5 /* TFY_BannerscrollTests.m */ = {isa = PBXFileReference; lastKnownFileType = sourcecode.c.objc; path = TFY_BannerscrollTests.m; sourceTree = "<group>"; };
		3674C97223B6DAA40076A0D5 /* Info.plist */ = {isa = PBXFileReference; lastKnownFileType = text.plist.xml; path = Info.plist; sourceTree = "<group>"; };
		3674C97723B6DAA40076A0D5 /* TFY_BannerscrollUITests.xctest */ = {isa = PBXFileReference; explicitFileType = wrapper.cfbundle; includeInIndex = 0; path = TFY_BannerscrollUITests.xctest; sourceTree = BUILT_PRODUCTS_DIR; };
		3674C97B23B6DAA40076A0D5 /* TFY_BannerscrollUITests.m */ = {isa = PBXFileReference; lastKnownFileType = sourcecode.c.objc; path = TFY_BannerscrollUITests.m; sourceTree = "<group>"; };
		3674C97D23B6DAA40076A0D5 /* Info.plist */ = {isa = PBXFileReference; lastKnownFileType = text.plist.xml; path = Info.plist; sourceTree = "<group>"; };
		3674C98B23B6DB200076A0D5 /* AppDelegate.h */ = {isa = PBXFileReference; fileEncoding = 4; lastKnownFileType = sourcecode.c.h; path = AppDelegate.h; sourceTree = "<group>"; };
		3674C98C23B6DB200076A0D5 /* ViewController.m */ = {isa = PBXFileReference; fileEncoding = 4; lastKnownFileType = sourcecode.c.objc; path = ViewController.m; sourceTree = "<group>"; };
		3674C98D23B6DB200076A0D5 /* SceneDelegate.m */ = {isa = PBXFileReference; fileEncoding = 4; lastKnownFileType = sourcecode.c.objc; path = SceneDelegate.m; sourceTree = "<group>"; };
		3674C98E23B6DB200076A0D5 /* AppDelegate.m */ = {isa = PBXFileReference; fileEncoding = 4; lastKnownFileType = sourcecode.c.objc; path = AppDelegate.m; sourceTree = "<group>"; };
		3674C98F23B6DB200076A0D5 /* ViewController.h */ = {isa = PBXFileReference; fileEncoding = 4; lastKnownFileType = sourcecode.c.h; path = ViewController.h; sourceTree = "<group>"; };
		3674C99023B6DB200076A0D5 /* SceneDelegate.h */ = {isa = PBXFileReference; fileEncoding = 4; lastKnownFileType = sourcecode.c.h; path = SceneDelegate.h; sourceTree = "<group>"; };
		3674C99523B6DE850076A0D5 /* UIImageView+Bannerscroll.h */ = {isa = PBXFileReference; lastKnownFileType = sourcecode.c.h; path = "UIImageView+Bannerscroll.h"; sourceTree = "<group>"; };
		3674C99623B6DE850076A0D5 /* UIImageView+Bannerscroll.m */ = {isa = PBXFileReference; lastKnownFileType = sourcecode.c.objc; path = "UIImageView+Bannerscroll.m"; sourceTree = "<group>"; };
		3674C99823B6DFDB0076A0D5 /* TFY_BannerConfig.h */ = {isa = PBXFileReference; lastKnownFileType = sourcecode.c.h; path = TFY_BannerConfig.h; sourceTree = "<group>"; };
		3674C99923B6E0D90076A0D5 /* TFY_BannerControl.h */ = {isa = PBXFileReference; lastKnownFileType = sourcecode.c.h; path = TFY_BannerControl.h; sourceTree = "<group>"; };
		3674C99A23B6E0D90076A0D5 /* TFY_BannerControl.m */ = {isa = PBXFileReference; lastKnownFileType = sourcecode.c.objc; path = TFY_BannerControl.m; sourceTree = "<group>"; };
		3674C99C23B6E1A00076A0D5 /* TFY_BannerParam.h */ = {isa = PBXFileReference; lastKnownFileType = sourcecode.c.h; path = TFY_BannerParam.h; sourceTree = "<group>"; };
		3674C99D23B6E1A00076A0D5 /* TFY_BannerParam.m */ = {isa = PBXFileReference; lastKnownFileType = sourcecode.c.objc; path = TFY_BannerParam.m; sourceTree = "<group>"; };
		3674C99F23B6E97B0076A0D5 /* TFY_BannerscrollHeader.h */ = {isa = PBXFileReference; lastKnownFileType = sourcecode.c.h; path = TFY_BannerscrollHeader.h; sourceTree = "<group>"; };
		3674C9A023B708DE0076A0D5 /* TFY_BannerFlowLayout.h */ = {isa = PBXFileReference; lastKnownFileType = sourcecode.c.h; path = TFY_BannerFlowLayout.h; sourceTree = "<group>"; };
		3674C9A123B708DE0076A0D5 /* TFY_BannerFlowLayout.m */ = {isa = PBXFileReference; lastKnownFileType = sourcecode.c.objc; path = TFY_BannerFlowLayout.m; sourceTree = "<group>"; };
		3674C9A323B70A300076A0D5 /* TFY_BannerOverLayout.h */ = {isa = PBXFileReference; lastKnownFileType = sourcecode.c.h; path = TFY_BannerOverLayout.h; sourceTree = "<group>"; };
		3674C9A423B70A300076A0D5 /* TFY_BannerOverLayout.m */ = {isa = PBXFileReference; lastKnownFileType = sourcecode.c.objc; path = TFY_BannerOverLayout.m; sourceTree = "<group>"; };
		3674C9A623B70B300076A0D5 /* TFY_BannerView.h */ = {isa = PBXFileReference; lastKnownFileType = sourcecode.c.h; path = TFY_BannerView.h; sourceTree = "<group>"; };
		3674C9A723B70B300076A0D5 /* TFY_BannerView.m */ = {isa = PBXFileReference; lastKnownFileType = sourcecode.c.objc; path = TFY_BannerView.m; sourceTree = "<group>"; };
		3674C9AA23B70F1B0076A0D5 /* TFY_PrefixHeader.pch */ = {isa = PBXFileReference; lastKnownFileType = sourcecode.c.h; path = TFY_PrefixHeader.pch; sourceTree = "<group>"; };
		3674C9AD23B70FAE0076A0D5 /* demoOne.m */ = {isa = PBXFileReference; fileEncoding = 4; lastKnownFileType = sourcecode.c.objc; path = demoOne.m; sourceTree = "<group>"; };
		3674C9AE23B70FAE0076A0D5 /* demoOne.h */ = {isa = PBXFileReference; fileEncoding = 4; lastKnownFileType = sourcecode.c.h; path = demoOne.h; sourceTree = "<group>"; };
		3674C9B023B70FAE0076A0D5 /* demoNormal.h */ = {isa = PBXFileReference; fileEncoding = 4; lastKnownFileType = sourcecode.c.h; path = demoNormal.h; sourceTree = "<group>"; };
		3674C9B123B70FAE0076A0D5 /* demoNormal.m */ = {isa = PBXFileReference; fileEncoding = 4; lastKnownFileType = sourcecode.c.objc; path = demoNormal.m; sourceTree = "<group>"; };
		3674C9B323B70FAE0076A0D5 /* TianMaoCell.h */ = {isa = PBXFileReference; fileEncoding = 4; lastKnownFileType = sourcecode.c.h; path = TianMaoCell.h; sourceTree = "<group>"; };
		3674C9B423B70FAE0076A0D5 /* DemoTianMao.m */ = {isa = PBXFileReference; fileEncoding = 4; lastKnownFileType = sourcecode.c.objc; path = DemoTianMao.m; sourceTree = "<group>"; };
		3674C9B523B70FAE0076A0D5 /* TianMaoCell.m */ = {isa = PBXFileReference; fileEncoding = 4; lastKnownFileType = sourcecode.c.objc; path = TianMaoCell.m; sourceTree = "<group>"; };
		3674C9B623B70FAE0076A0D5 /* DemoTianMao.h */ = {isa = PBXFileReference; fileEncoding = 4; lastKnownFileType = sourcecode.c.h; path = DemoTianMao.h; sourceTree = "<group>"; };
		3674C9B823B70FAE0076A0D5 /* DemoCard.m */ = {isa = PBXFileReference; fileEncoding = 4; lastKnownFileType = sourcecode.c.objc; path = DemoCard.m; sourceTree = "<group>"; };
		3674C9B923B70FAE0076A0D5 /* MyCell.h */ = {isa = PBXFileReference; fileEncoding = 4; lastKnownFileType = sourcecode.c.h; path = MyCell.h; sourceTree = "<group>"; };
		3674C9BA23B70FAE0076A0D5 /* DemoCard.h */ = {isa = PBXFileReference; fileEncoding = 4; lastKnownFileType = sourcecode.c.h; path = DemoCard.h; sourceTree = "<group>"; };
		3674C9BB23B70FAE0076A0D5 /* MyCell.m */ = {isa = PBXFileReference; fileEncoding = 4; lastKnownFileType = sourcecode.c.objc; path = MyCell.m; sourceTree = "<group>"; };
		3674C9BD23B70FAE0076A0D5 /* DemoMarqueen.m */ = {isa = PBXFileReference; fileEncoding = 4; lastKnownFileType = sourcecode.c.objc; path = DemoMarqueen.m; sourceTree = "<group>"; };
		3674C9BE23B70FAE0076A0D5 /* DemoMarqueen.h */ = {isa = PBXFileReference; fileEncoding = 4; lastKnownFileType = sourcecode.c.h; path = DemoMarqueen.h; sourceTree = "<group>"; };
		3674C9C023B70FAE0076A0D5 /* KuaiBaoCell.m */ = {isa = PBXFileReference; fileEncoding = 4; lastKnownFileType = sourcecode.c.objc; path = KuaiBaoCell.m; sourceTree = "<group>"; };
		3674C9C123B70FAE0076A0D5 /* DemoDianshang.m */ = {isa = PBXFileReference; fileEncoding = 4; lastKnownFileType = sourcecode.c.objc; path = DemoDianshang.m; sourceTree = "<group>"; };
		3674C9C223B70FAE0076A0D5 /* marqueCell.m */ = {isa = PBXFileReference; fileEncoding = 4; lastKnownFileType = sourcecode.c.objc; path = marqueCell.m; sourceTree = "<group>"; };
		3674C9C323B70FAE0076A0D5 /* KuaiBaoCell.h */ = {isa = PBXFileReference; fileEncoding = 4; lastKnownFileType = sourcecode.c.h; path = KuaiBaoCell.h; sourceTree = "<group>"; };
		3674C9C423B70FAE0076A0D5 /* DemoDianshang.h */ = {isa = PBXFileReference; fileEncoding = 4; lastKnownFileType = sourcecode.c.h; path = DemoDianshang.h; sourceTree = "<group>"; };
		3674C9C523B70FAE0076A0D5 /* marqueCell.h */ = {isa = PBXFileReference; fileEncoding = 4; lastKnownFileType = sourcecode.c.h; path = marqueCell.h; sourceTree = "<group>"; };
		3674C9C723B70FAE0076A0D5 /* DemoAdd.m */ = {isa = PBXFileReference; fileEncoding = 4; lastKnownFileType = sourcecode.c.objc; path = DemoAdd.m; sourceTree = "<group>"; };
		3674C9C823B70FAE0076A0D5 /* DemoAdd.h */ = {isa = PBXFileReference; fileEncoding = 4; lastKnownFileType = sourcecode.c.h; path = DemoAdd.h; sourceTree = "<group>"; };
		3674C9CA23B70FAE0076A0D5 /* DemoPageControl.h */ = {isa = PBXFileReference; fileEncoding = 4; lastKnownFileType = sourcecode.c.h; path = DemoPageControl.h; sourceTree = "<group>"; };
		3674C9CB23B70FAE0076A0D5 /* DemoPageControl.m */ = {isa = PBXFileReference; fileEncoding = 4; lastKnownFileType = sourcecode.c.objc; path = DemoPageControl.m; sourceTree = "<group>"; };
/* End PBXFileReference section */

/* Begin PBXFrameworksBuildPhase section */
		3674C94E23B6DAA20076A0D5 /* Frameworks */ = {
			isa = PBXFrameworksBuildPhase;
			buildActionMask = 2147483647;
			files = (
			);
			runOnlyForDeploymentPostprocessing = 0;
		};
		3674C96923B6DAA40076A0D5 /* Frameworks */ = {
			isa = PBXFrameworksBuildPhase;
			buildActionMask = 2147483647;
			files = (
			);
			runOnlyForDeploymentPostprocessing = 0;
		};
		3674C97423B6DAA40076A0D5 /* Frameworks */ = {
			isa = PBXFrameworksBuildPhase;
			buildActionMask = 2147483647;
			files = (
			);
			runOnlyForDeploymentPostprocessing = 0;
		};
/* End PBXFrameworksBuildPhase section */

/* Begin PBXGroup section */
		3674C94823B6DAA20076A0D5 = {
			isa = PBXGroup;
			children = (
				3674C95323B6DAA20076A0D5 /* TFY_Bannerscroll */,
				3674C96F23B6DAA40076A0D5 /* TFY_BannerscrollTests */,
				3674C97A23B6DAA40076A0D5 /* TFY_BannerscrollUITests */,
				3674C95223B6DAA20076A0D5 /* Products */,
			);
			sourceTree = "<group>";
		};
		3674C95223B6DAA20076A0D5 /* Products */ = {
			isa = PBXGroup;
			children = (
				3674C95123B6DAA20076A0D5 /* TFY_Bannerscroll.app */,
				3674C96C23B6DAA40076A0D5 /* TFY_BannerscrollTests.xctest */,
				3674C97723B6DAA40076A0D5 /* TFY_BannerscrollUITests.xctest */,
			);
			name = Products;
			sourceTree = "<group>";
		};
		3674C95323B6DAA20076A0D5 /* TFY_Bannerscroll */ = {
			isa = PBXGroup;
			children = (
				3674C9A923B70F080076A0D5 /* TFY_PCH */,
				3674C98A23B6DB200076A0D5 /* TFY_AppDelegate */,
				3674C99123B6DB200076A0D5 /* TFY_BannerscrollKit */,
				3674C98923B6DB200076A0D5 /* TFY_Class */,
				3674C95D23B6DAA20076A0D5 /* Main.storyboard */,
				3674C96023B6DAA40076A0D5 /* Assets.xcassets */,
				3674C96223B6DAA40076A0D5 /* LaunchScreen.storyboard */,
				3674C96523B6DAA40076A0D5 /* Info.plist */,
				3674C96623B6DAA40076A0D5 /* main.m */,
			);
			path = TFY_Bannerscroll;
			sourceTree = "<group>";
		};
		3674C96F23B6DAA40076A0D5 /* TFY_BannerscrollTests */ = {
			isa = PBXGroup;
			children = (
				3674C97023B6DAA40076A0D5 /* TFY_BannerscrollTests.m */,
				3674C97223B6DAA40076A0D5 /* Info.plist */,
			);
			path = TFY_BannerscrollTests;
			sourceTree = "<group>";
		};
		3674C97A23B6DAA40076A0D5 /* TFY_BannerscrollUITests */ = {
			isa = PBXGroup;
			children = (
				3674C97B23B6DAA40076A0D5 /* TFY_BannerscrollUITests.m */,
				3674C97D23B6DAA40076A0D5 /* Info.plist */,
			);
			path = TFY_BannerscrollUITests;
			sourceTree = "<group>";
		};
		3674C98923B6DB200076A0D5 /* TFY_Class */ = {
			isa = PBXGroup;
			children = (
				3674C9AB23B70FAE0076A0D5 /* Demo */,
			);
			path = TFY_Class;
			sourceTree = "<group>";
		};
		3674C98A23B6DB200076A0D5 /* TFY_AppDelegate */ = {
			isa = PBXGroup;
			children = (
				3674C98B23B6DB200076A0D5 /* AppDelegate.h */,
				3674C98E23B6DB200076A0D5 /* AppDelegate.m */,
				3674C99023B6DB200076A0D5 /* SceneDelegate.h */,
				3674C98D23B6DB200076A0D5 /* SceneDelegate.m */,
				3674C98F23B6DB200076A0D5 /* ViewController.h */,
				3674C98C23B6DB200076A0D5 /* ViewController.m */,
			);
			path = TFY_AppDelegate;
			sourceTree = "<group>";
		};
		3674C99123B6DB200076A0D5 /* TFY_BannerscrollKit */ = {
			isa = PBXGroup;
			children = (
				3674C99F23B6E97B0076A0D5 /* TFY_BannerscrollHeader.h */,
				3674C99C23B6E1A00076A0D5 /* TFY_BannerParam.h */,
				3674C99D23B6E1A00076A0D5 /* TFY_BannerParam.m */,
				3674C9A623B70B300076A0D5 /* TFY_BannerView.h */,
				3674C9A723B70B300076A0D5 /* TFY_BannerView.m */,
				3674C99523B6DE850076A0D5 /* UIImageView+Bannerscroll.h */,
				3674C99623B6DE850076A0D5 /* UIImageView+Bannerscroll.m */,
				3674C99823B6DFDB0076A0D5 /* TFY_BannerConfig.h */,
				3674C99923B6E0D90076A0D5 /* TFY_BannerControl.h */,
				3674C99A23B6E0D90076A0D5 /* TFY_BannerControl.m */,
				3674C9A023B708DE0076A0D5 /* TFY_BannerFlowLayout.h */,
				3674C9A123B708DE0076A0D5 /* TFY_BannerFlowLayout.m */,
				3674C9A323B70A300076A0D5 /* TFY_BannerOverLayout.h */,
				3674C9A423B70A300076A0D5 /* TFY_BannerOverLayout.m */,
			);
			path = TFY_BannerscrollKit;
			sourceTree = "<group>";
		};
		3674C9A923B70F080076A0D5 /* TFY_PCH */ = {
			isa = PBXGroup;
			children = (
				3674C9AA23B70F1B0076A0D5 /* TFY_PrefixHeader.pch */,
			);
			path = TFY_PCH;
			sourceTree = "<group>";
		};
		3674C9AB23B70FAE0076A0D5 /* Demo */ = {
			isa = PBXGroup;
			children = (
				3674C9AC23B70FAE0076A0D5 /* 显示全部属性 */,
				3674C9AF23B70FAE0076A0D5 /* 正常样式 */,
				3674C9B223B70FAE0076A0D5 /* 天猫样式 */,
				3674C9B723B70FAE0076A0D5 /* 卡片样式 */,
				3674C9BC23B70FAE0076A0D5 /* 跑马灯 */,
				3674C9BF23B70FAE0076A0D5 /* 电商播报 */,
				3674C9C623B70FAE0076A0D5 /* 叠加样式 */,
				3674C9C923B70FAE0076A0D5 /* 自定义pageControl */,
			);
			path = Demo;
			sourceTree = "<group>";
		};
		3674C9AC23B70FAE0076A0D5 /* 显示全部属性 */ = {
			isa = PBXGroup;
			children = (
				3674C9AE23B70FAE0076A0D5 /* demoOne.h */,
				3674C9AD23B70FAE0076A0D5 /* demoOne.m */,
			);
			path = "显示全部属性";
			sourceTree = "<group>";
		};
		3674C9AF23B70FAE0076A0D5 /* 正常样式 */ = {
			isa = PBXGroup;
			children = (
				3674C9B023B70FAE0076A0D5 /* demoNormal.h */,
				3674C9B123B70FAE0076A0D5 /* demoNormal.m */,
			);
			path = "正常样式";
			sourceTree = "<group>";
		};
		3674C9B223B70FAE0076A0D5 /* 天猫样式 */ = {
			isa = PBXGroup;
			children = (
				3674C9B323B70FAE0076A0D5 /* TianMaoCell.h */,
				3674C9B523B70FAE0076A0D5 /* TianMaoCell.m */,
				3674C9B623B70FAE0076A0D5 /* DemoTianMao.h */,
				3674C9B423B70FAE0076A0D5 /* DemoTianMao.m */,
			);
			path = "天猫样式";
			sourceTree = "<group>";
		};
		3674C9B723B70FAE0076A0D5 /* 卡片样式 */ = {
			isa = PBXGroup;
			children = (
				3674C9B923B70FAE0076A0D5 /* MyCell.h */,
				3674C9BB23B70FAE0076A0D5 /* MyCell.m */,
				3674C9BA23B70FAE0076A0D5 /* DemoCard.h */,
				3674C9B823B70FAE0076A0D5 /* DemoCard.m */,
			);
			path = "卡片样式";
			sourceTree = "<group>";
		};
		3674C9BC23B70FAE0076A0D5 /* 跑马灯 */ = {
			isa = PBXGroup;
			children = (
				3674C9BE23B70FAE0076A0D5 /* DemoMarqueen.h */,
				3674C9BD23B70FAE0076A0D5 /* DemoMarqueen.m */,
			);
			path = "跑马灯";
			sourceTree = "<group>";
		};
		3674C9BF23B70FAE0076A0D5 /* 电商播报 */ = {
			isa = PBXGroup;
			children = (
				3674C9C323B70FAE0076A0D5 /* KuaiBaoCell.h */,
				3674C9C023B70FAE0076A0D5 /* KuaiBaoCell.m */,
				3674C9C523B70FAE0076A0D5 /* marqueCell.h */,
				3674C9C223B70FAE0076A0D5 /* marqueCell.m */,
				3674C9C423B70FAE0076A0D5 /* DemoDianshang.h */,
				3674C9C123B70FAE0076A0D5 /* DemoDianshang.m */,
			);
			path = "电商播报";
			sourceTree = "<group>";
		};
		3674C9C623B70FAE0076A0D5 /* 叠加样式 */ = {
			isa = PBXGroup;
			children = (
				3674C9C823B70FAE0076A0D5 /* DemoAdd.h */,
				3674C9C723B70FAE0076A0D5 /* DemoAdd.m */,
			);
			path = "叠加样式";
			sourceTree = "<group>";
		};
		3674C9C923B70FAE0076A0D5 /* 自定义pageControl */ = {
			isa = PBXGroup;
			children = (
				3674C9CA23B70FAE0076A0D5 /* DemoPageControl.h */,
				3674C9CB23B70FAE0076A0D5 /* DemoPageControl.m */,
			);
			path = "自定义pageControl";
			sourceTree = "<group>";
		};
/* End PBXGroup section */

/* Begin PBXNativeTarget section */
		3674C95023B6DAA20076A0D5 /* TFY_Bannerscroll */ = {
			isa = PBXNativeTarget;
			buildConfigurationList = 3674C98023B6DAA40076A0D5 /* Build configuration list for PBXNativeTarget "TFY_Bannerscroll" */;
			buildPhases = (
				3674C94D23B6DAA20076A0D5 /* Sources */,
				3674C94E23B6DAA20076A0D5 /* Frameworks */,
				3674C94F23B6DAA20076A0D5 /* Resources */,
			);
			buildRules = (
			);
			dependencies = (
			);
			name = TFY_Bannerscroll;
			productName = TFY_Bannerscroll;
			productReference = 3674C95123B6DAA20076A0D5 /* TFY_Bannerscroll.app */;
			productType = "com.apple.product-type.application";
		};
		3674C96B23B6DAA40076A0D5 /* TFY_BannerscrollTests */ = {
			isa = PBXNativeTarget;
			buildConfigurationList = 3674C98323B6DAA40076A0D5 /* Build configuration list for PBXNativeTarget "TFY_BannerscrollTests" */;
			buildPhases = (
				3674C96823B6DAA40076A0D5 /* Sources */,
				3674C96923B6DAA40076A0D5 /* Frameworks */,
				3674C96A23B6DAA40076A0D5 /* Resources */,
			);
			buildRules = (
			);
			dependencies = (
				3674C96E23B6DAA40076A0D5 /* PBXTargetDependency */,
			);
			name = TFY_BannerscrollTests;
			productName = TFY_BannerscrollTests;
			productReference = 3674C96C23B6DAA40076A0D5 /* TFY_BannerscrollTests.xctest */;
			productType = "com.apple.product-type.bundle.unit-test";
		};
		3674C97623B6DAA40076A0D5 /* TFY_BannerscrollUITests */ = {
			isa = PBXNativeTarget;
			buildConfigurationList = 3674C98623B6DAA40076A0D5 /* Build configuration list for PBXNativeTarget "TFY_BannerscrollUITests" */;
			buildPhases = (
				3674C97323B6DAA40076A0D5 /* Sources */,
				3674C97423B6DAA40076A0D5 /* Frameworks */,
				3674C97523B6DAA40076A0D5 /* Resources */,
			);
			buildRules = (
			);
			dependencies = (
				3674C97923B6DAA40076A0D5 /* PBXTargetDependency */,
			);
			name = TFY_BannerscrollUITests;
			productName = TFY_BannerscrollUITests;
			productReference = 3674C97723B6DAA40076A0D5 /* TFY_BannerscrollUITests.xctest */;
			productType = "com.apple.product-type.bundle.ui-testing";
		};
/* End PBXNativeTarget section */

/* Begin PBXProject section */
		3674C94923B6DAA20076A0D5 /* Project object */ = {
			isa = PBXProject;
			attributes = {
				LastUpgradeCheck = 1130;
				ORGANIZATIONNAME = "田风有";
				TargetAttributes = {
					3674C95023B6DAA20076A0D5 = {
						CreatedOnToolsVersion = 11.3;
					};
					3674C96B23B6DAA40076A0D5 = {
						CreatedOnToolsVersion = 11.3;
						TestTargetID = 3674C95023B6DAA20076A0D5;
					};
					3674C97623B6DAA40076A0D5 = {
						CreatedOnToolsVersion = 11.3;
						TestTargetID = 3674C95023B6DAA20076A0D5;
					};
				};
			};
			buildConfigurationList = 3674C94C23B6DAA20076A0D5 /* Build configuration list for PBXProject "TFY_Bannerscroll" */;
			compatibilityVersion = "Xcode 9.3";
			developmentRegion = en;
			hasScannedForEncodings = 0;
			knownRegions = (
				en,
				Base,
			);
			mainGroup = 3674C94823B6DAA20076A0D5;
			productRefGroup = 3674C95223B6DAA20076A0D5 /* Products */;
			projectDirPath = "";
			projectRoot = "";
			targets = (
				3674C95023B6DAA20076A0D5 /* TFY_Bannerscroll */,
				3674C96B23B6DAA40076A0D5 /* TFY_BannerscrollTests */,
				3674C97623B6DAA40076A0D5 /* TFY_BannerscrollUITests */,
			);
		};
/* End PBXProject section */

/* Begin PBXResourcesBuildPhase section */
		3674C94F23B6DAA20076A0D5 /* Resources */ = {
			isa = PBXResourcesBuildPhase;
			buildActionMask = 2147483647;
			files = (
				3674C96423B6DAA40076A0D5 /* LaunchScreen.storyboard in Resources */,
				3674C96123B6DAA40076A0D5 /* Assets.xcassets in Resources */,
				3674C95F23B6DAA20076A0D5 /* Main.storyboard in Resources */,
			);
			runOnlyForDeploymentPostprocessing = 0;
		};
		3674C96A23B6DAA40076A0D5 /* Resources */ = {
			isa = PBXResourcesBuildPhase;
			buildActionMask = 2147483647;
			files = (
			);
			runOnlyForDeploymentPostprocessing = 0;
		};
		3674C97523B6DAA40076A0D5 /* Resources */ = {
			isa = PBXResourcesBuildPhase;
			buildActionMask = 2147483647;
			files = (
			);
			runOnlyForDeploymentPostprocessing = 0;
		};
/* End PBXResourcesBuildPhase section */

/* Begin PBXSourcesBuildPhase section */
		3674C94D23B6DAA20076A0D5 /* Sources */ = {
			isa = PBXSourcesBuildPhase;
			buildActionMask = 2147483647;
			files = (
				3674C9D423B70FAE0076A0D5 /* DemoDianshang.m in Sources */,
				3674C9CC23B70FAE0076A0D5 /* demoOne.m in Sources */,
				3674C9D023B70FAE0076A0D5 /* DemoCard.m in Sources */,
				3674C99E23B6E1A00076A0D5 /* TFY_BannerParam.m in Sources */,
				3674C99423B6DB200076A0D5 /* AppDelegate.m in Sources */,
				3674C9D723B70FAE0076A0D5 /* DemoPageControl.m in Sources */,
				3674C99723B6DE850076A0D5 /* UIImageView+Bannerscroll.m in Sources */,
				3674C99223B6DB200076A0D5 /* ViewController.m in Sources */,
				3674C9CF23B70FAE0076A0D5 /* TianMaoCell.m in Sources */,
				3674C9D623B70FAE0076A0D5 /* DemoAdd.m in Sources */,
				3674C9CD23B70FAE0076A0D5 /* demoNormal.m in Sources */,
				3674C9D223B70FAE0076A0D5 /* DemoMarqueen.m in Sources */,
				3674C9D523B70FAE0076A0D5 /* marqueCell.m in Sources */,
				3674C99323B6DB200076A0D5 /* SceneDelegate.m in Sources */,
				3674C9D123B70FAE0076A0D5 /* MyCell.m in Sources */,
				3674C96723B6DAA40076A0D5 /* main.m in Sources */,
				3674C9D323B70FAE0076A0D5 /* KuaiBaoCell.m in Sources */,
				3674C99B23B6E0D90076A0D5 /* TFY_BannerControl.m in Sources */,
				3674C9CE23B70FAE0076A0D5 /* DemoTianMao.m in Sources */,
				3674C9A523B70A300076A0D5 /* TFY_BannerOverLayout.m in Sources */,
				3674C9A823B70B300076A0D5 /* TFY_BannerView.m in Sources */,
				3674C9A223B708DE0076A0D5 /* TFY_BannerFlowLayout.m in Sources */,
			);
			runOnlyForDeploymentPostprocessing = 0;
		};
		3674C96823B6DAA40076A0D5 /* Sources */ = {
			isa = PBXSourcesBuildPhase;
			buildActionMask = 2147483647;
			files = (
				3674C97123B6DAA40076A0D5 /* TFY_BannerscrollTests.m in Sources */,
			);
			runOnlyForDeploymentPostprocessing = 0;
		};
		3674C97323B6DAA40076A0D5 /* Sources */ = {
			isa = PBXSourcesBuildPhase;
			buildActionMask = 2147483647;
			files = (
				3674C97C23B6DAA40076A0D5 /* TFY_BannerscrollUITests.m in Sources */,
			);
			runOnlyForDeploymentPostprocessing = 0;
		};
/* End PBXSourcesBuildPhase section */

/* Begin PBXTargetDependency section */
		3674C96E23B6DAA40076A0D5 /* PBXTargetDependency */ = {
			isa = PBXTargetDependency;
			target = 3674C95023B6DAA20076A0D5 /* TFY_Bannerscroll */;
			targetProxy = 3674C96D23B6DAA40076A0D5 /* PBXContainerItemProxy */;
		};
		3674C97923B6DAA40076A0D5 /* PBXTargetDependency */ = {
			isa = PBXTargetDependency;
			target = 3674C95023B6DAA20076A0D5 /* TFY_Bannerscroll */;
			targetProxy = 3674C97823B6DAA40076A0D5 /* PBXContainerItemProxy */;
		};
/* End PBXTargetDependency section */

/* Begin PBXVariantGroup section */
		3674C95D23B6DAA20076A0D5 /* Main.storyboard */ = {
			isa = PBXVariantGroup;
			children = (
				3674C95E23B6DAA20076A0D5 /* Base */,
			);
			name = Main.storyboard;
			sourceTree = "<group>";
		};
		3674C96223B6DAA40076A0D5 /* LaunchScreen.storyboard */ = {
			isa = PBXVariantGroup;
			children = (
				3674C96323B6DAA40076A0D5 /* Base */,
			);
			name = LaunchScreen.storyboard;
			sourceTree = "<group>";
		};
/* End PBXVariantGroup section */

/* Begin XCBuildConfiguration section */
		3674C97E23B6DAA40076A0D5 /* Debug */ = {
			isa = XCBuildConfiguration;
			buildSettings = {
				ALWAYS_SEARCH_USER_PATHS = NO;
				CLANG_ANALYZER_NONNULL = YES;
				CLANG_ANALYZER_NUMBER_OBJECT_CONVERSION = YES_AGGRESSIVE;
				CLANG_CXX_LANGUAGE_STANDARD = "gnu++14";
				CLANG_CXX_LIBRARY = "libc++";
				CLANG_ENABLE_MODULES = YES;
				CLANG_ENABLE_OBJC_ARC = YES;
				CLANG_ENABLE_OBJC_WEAK = YES;
				CLANG_WARN_BLOCK_CAPTURE_AUTORELEASING = YES;
				CLANG_WARN_BOOL_CONVERSION = YES;
				CLANG_WARN_COMMA = YES;
				CLANG_WARN_CONSTANT_CONVERSION = YES;
				CLANG_WARN_DEPRECATED_OBJC_IMPLEMENTATIONS = YES;
				CLANG_WARN_DIRECT_OBJC_ISA_USAGE = YES_ERROR;
				CLANG_WARN_DOCUMENTATION_COMMENTS = YES;
				CLANG_WARN_EMPTY_BODY = YES;
				CLANG_WARN_ENUM_CONVERSION = YES;
				CLANG_WARN_INFINITE_RECURSION = YES;
				CLANG_WARN_INT_CONVERSION = YES;
				CLANG_WARN_NON_LITERAL_NULL_CONVERSION = YES;
				CLANG_WARN_OBJC_IMPLICIT_RETAIN_SELF = YES;
				CLANG_WARN_OBJC_LITERAL_CONVERSION = YES;
				CLANG_WARN_OBJC_ROOT_CLASS = YES_ERROR;
				CLANG_WARN_RANGE_LOOP_ANALYSIS = YES;
				CLANG_WARN_STRICT_PROTOTYPES = YES;
				CLANG_WARN_SUSPICIOUS_MOVE = YES;
				CLANG_WARN_UNGUARDED_AVAILABILITY = YES_AGGRESSIVE;
				CLANG_WARN_UNREACHABLE_CODE = YES;
				CLANG_WARN__DUPLICATE_METHOD_MATCH = YES;
				COPY_PHASE_STRIP = NO;
				DEBUG_INFORMATION_FORMAT = dwarf;
				ENABLE_STRICT_OBJC_MSGSEND = YES;
				ENABLE_TESTABILITY = YES;
				GCC_C_LANGUAGE_STANDARD = gnu11;
				GCC_DYNAMIC_NO_PIC = NO;
				GCC_NO_COMMON_BLOCKS = YES;
				GCC_OPTIMIZATION_LEVEL = 0;
				GCC_PREPROCESSOR_DEFINITIONS = (
					"DEBUG=1",
					"$(inherited)",
				);
				GCC_WARN_64_TO_32_BIT_CONVERSION = YES;
				GCC_WARN_ABOUT_RETURN_TYPE = YES_ERROR;
				GCC_WARN_UNDECLARED_SELECTOR = YES;
				GCC_WARN_UNINITIALIZED_AUTOS = YES_AGGRESSIVE;
				GCC_WARN_UNUSED_FUNCTION = YES;
				GCC_WARN_UNUSED_VARIABLE = YES;
				IPHONEOS_DEPLOYMENT_TARGET = 13.2;
				MTL_ENABLE_DEBUG_INFO = INCLUDE_SOURCE;
				MTL_FAST_MATH = YES;
				ONLY_ACTIVE_ARCH = YES;
				SDKROOT = iphoneos;
			};
			name = Debug;
		};
		3674C97F23B6DAA40076A0D5 /* Release */ = {
			isa = XCBuildConfiguration;
			buildSettings = {
				ALWAYS_SEARCH_USER_PATHS = NO;
				CLANG_ANALYZER_NONNULL = YES;
				CLANG_ANALYZER_NUMBER_OBJECT_CONVERSION = YES_AGGRESSIVE;
				CLANG_CXX_LANGUAGE_STANDARD = "gnu++14";
				CLANG_CXX_LIBRARY = "libc++";
				CLANG_ENABLE_MODULES = YES;
				CLANG_ENABLE_OBJC_ARC = YES;
				CLANG_ENABLE_OBJC_WEAK = YES;
				CLANG_WARN_BLOCK_CAPTURE_AUTORELEASING = YES;
				CLANG_WARN_BOOL_CONVERSION = YES;
				CLANG_WARN_COMMA = YES;
				CLANG_WARN_CONSTANT_CONVERSION = YES;
				CLANG_WARN_DEPRECATED_OBJC_IMPLEMENTATIONS = YES;
				CLANG_WARN_DIRECT_OBJC_ISA_USAGE = YES_ERROR;
				CLANG_WARN_DOCUMENTATION_COMMENTS = YES;
				CLANG_WARN_EMPTY_BODY = YES;
				CLANG_WARN_ENUM_CONVERSION = YES;
				CLANG_WARN_INFINITE_RECURSION = YES;
				CLANG_WARN_INT_CONVERSION = YES;
				CLANG_WARN_NON_LITERAL_NULL_CONVERSION = YES;
				CLANG_WARN_OBJC_IMPLICIT_RETAIN_SELF = YES;
				CLANG_WARN_OBJC_LITERAL_CONVERSION = YES;
				CLANG_WARN_OBJC_ROOT_CLASS = YES_ERROR;
				CLANG_WARN_RANGE_LOOP_ANALYSIS = YES;
				CLANG_WARN_STRICT_PROTOTYPES = YES;
				CLANG_WARN_SUSPICIOUS_MOVE = YES;
				CLANG_WARN_UNGUARDED_AVAILABILITY = YES_AGGRESSIVE;
				CLANG_WARN_UNREACHABLE_CODE = YES;
				CLANG_WARN__DUPLICATE_METHOD_MATCH = YES;
				COPY_PHASE_STRIP = NO;
				DEBUG_INFORMATION_FORMAT = "dwarf-with-dsym";
				ENABLE_NS_ASSERTIONS = NO;
				ENABLE_STRICT_OBJC_MSGSEND = YES;
				GCC_C_LANGUAGE_STANDARD = gnu11;
				GCC_NO_COMMON_BLOCKS = YES;
				GCC_WARN_64_TO_32_BIT_CONVERSION = YES;
				GCC_WARN_ABOUT_RETURN_TYPE = YES_ERROR;
				GCC_WARN_UNDECLARED_SELECTOR = YES;
				GCC_WARN_UNINITIALIZED_AUTOS = YES_AGGRESSIVE;
				GCC_WARN_UNUSED_FUNCTION = YES;
				GCC_WARN_UNUSED_VARIABLE = YES;
				IPHONEOS_DEPLOYMENT_TARGET = 13.2;
				MTL_ENABLE_DEBUG_INFO = NO;
				MTL_FAST_MATH = YES;
				SDKROOT = iphoneos;
				VALIDATE_PRODUCT = YES;
			};
			name = Release;
		};
		3674C98123B6DAA40076A0D5 /* Debug */ = {
			isa = XCBuildConfiguration;
			buildSettings = {
				ASSETCATALOG_COMPILER_APPICON_NAME = AppIcon;
				CODE_SIGN_STYLE = Automatic;
				CURRENT_PROJECT_VERSION = 1.0.0;
				DEVELOPMENT_TEAM = RP2K7V42S5;
				GCC_PRECOMPILE_PREFIX_HEADER = YES;
				GCC_PREFIX_HEADER = TFY_Bannerscroll/TFY_PCH/TFY_PrefixHeader.pch;
				INFOPLIST_FILE = TFY_Bannerscroll/Info.plist;
				IPHONEOS_DEPLOYMENT_TARGET = 10.0;
				LD_RUNPATH_SEARCH_PATHS = (
					"$(inherited)",
					"@executable_path/Frameworks",
				);
				MARKETING_VERSION = 1.0.0;
				PRODUCT_BUNDLE_IDENTIFIER = "com.LMcompany.TFY-Bannerscroll";
				PRODUCT_NAME = "$(TARGET_NAME)";
				TARGETED_DEVICE_FAMILY = 1;
			};
			name = Debug;
		};
		3674C98223B6DAA40076A0D5 /* Release */ = {
			isa = XCBuildConfiguration;
			buildSettings = {
				ASSETCATALOG_COMPILER_APPICON_NAME = AppIcon;
				CODE_SIGN_STYLE = Automatic;
				CURRENT_PROJECT_VERSION = 1.0.0;
				DEVELOPMENT_TEAM = RP2K7V42S5;
				GCC_PRECOMPILE_PREFIX_HEADER = YES;
				GCC_PREFIX_HEADER = TFY_Bannerscroll/TFY_PCH/TFY_PrefixHeader.pch;
				INFOPLIST_FILE = TFY_Bannerscroll/Info.plist;
				IPHONEOS_DEPLOYMENT_TARGET = 10.0;
				LD_RUNPATH_SEARCH_PATHS = (
					"$(inherited)",
					"@executable_path/Frameworks",
				);
				MARKETING_VERSION = 1.0.0;
				PRODUCT_BUNDLE_IDENTIFIER = "com.LMcompany.TFY-Bannerscroll";
				PRODUCT_NAME = "$(TARGET_NAME)";
				TARGETED_DEVICE_FAMILY = 1;
			};
			name = Release;
		};
		3674C98423B6DAA40076A0D5 /* Debug */ = {
			isa = XCBuildConfiguration;
			buildSettings = {
				BUNDLE_LOADER = "$(TEST_HOST)";
				CODE_SIGN_STYLE = Automatic;
				DEVELOPMENT_TEAM = RP2K7V42S5;
				INFOPLIST_FILE = TFY_BannerscrollTests/Info.plist;
				IPHONEOS_DEPLOYMENT_TARGET = 13.2;
				LD_RUNPATH_SEARCH_PATHS = (
					"$(inherited)",
					"@executable_path/Frameworks",
					"@loader_path/Frameworks",
				);
				PRODUCT_BUNDLE_IDENTIFIER = "com.LMcompany.TFY-BannerscrollTests";
				PRODUCT_NAME = "$(TARGET_NAME)";
				TARGETED_DEVICE_FAMILY = "1,2";
				TEST_HOST = "$(BUILT_PRODUCTS_DIR)/TFY_Bannerscroll.app/TFY_Bannerscroll";
			};
			name = Debug;
		};
		3674C98523B6DAA40076A0D5 /* Release */ = {
			isa = XCBuildConfiguration;
			buildSettings = {
				BUNDLE_LOADER = "$(TEST_HOST)";
				CODE_SIGN_STYLE = Automatic;
				DEVELOPMENT_TEAM = RP2K7V42S5;
				INFOPLIST_FILE = TFY_BannerscrollTests/Info.plist;
				IPHONEOS_DEPLOYMENT_TARGET = 13.2;
				LD_RUNPATH_SEARCH_PATHS = (
					"$(inherited)",
					"@executable_path/Frameworks",
					"@loader_path/Frameworks",
				);
				PRODUCT_BUNDLE_IDENTIFIER = "com.LMcompany.TFY-BannerscrollTests";
				PRODUCT_NAME = "$(TARGET_NAME)";
				TARGETED_DEVICE_FAMILY = "1,2";
				TEST_HOST = "$(BUILT_PRODUCTS_DIR)/TFY_Bannerscroll.app/TFY_Bannerscroll";
			};
			name = Release;
		};
		3674C98723B6DAA40076A0D5 /* Debug */ = {
			isa = XCBuildConfiguration;
			buildSettings = {
				CODE_SIGN_STYLE = Automatic;
				DEVELOPMENT_TEAM = RP2K7V42S5;
				INFOPLIST_FILE = TFY_BannerscrollUITests/Info.plist;
				LD_RUNPATH_SEARCH_PATHS = (
					"$(inherited)",
					"@executable_path/Frameworks",
					"@loader_path/Frameworks",
				);
				PRODUCT_BUNDLE_IDENTIFIER = "com.LMcompany.TFY-BannerscrollUITests";
				PRODUCT_NAME = "$(TARGET_NAME)";
				TARGETED_DEVICE_FAMILY = "1,2";
				TEST_TARGET_NAME = TFY_Bannerscroll;
			};
			name = Debug;
		};
		3674C98823B6DAA40076A0D5 /* Release */ = {
			isa = XCBuildConfiguration;
			buildSettings = {
				CODE_SIGN_STYLE = Automatic;
				DEVELOPMENT_TEAM = RP2K7V42S5;
				INFOPLIST_FILE = TFY_BannerscrollUITests/Info.plist;
				LD_RUNPATH_SEARCH_PATHS = (
					"$(inherited)",
					"@executable_path/Frameworks",
					"@loader_path/Frameworks",
				);
				PRODUCT_BUNDLE_IDENTIFIER = "com.LMcompany.TFY-BannerscrollUITests";
				PRODUCT_NAME = "$(TARGET_NAME)";
				TARGETED_DEVICE_FAMILY = "1,2";
				TEST_TARGET_NAME = TFY_Bannerscroll;
			};
			name = Release;
		};
/* End XCBuildConfiguration section */

/* Begin XCConfigurationList section */
		3674C94C23B6DAA20076A0D5 /* Build configuration list for PBXProject "TFY_Bannerscroll" */ = {
			isa = XCConfigurationList;
			buildConfigurations = (
				3674C97E23B6DAA40076A0D5 /* Debug */,
				3674C97F23B6DAA40076A0D5 /* Release */,
			);
			defaultConfigurationIsVisible = 0;
			defaultConfigurationName = Release;
		};
		3674C98023B6DAA40076A0D5 /* Build configuration list for PBXNativeTarget "TFY_Bannerscroll" */ = {
			isa = XCConfigurationList;
			buildConfigurations = (
				3674C98123B6DAA40076A0D5 /* Debug */,
				3674C98223B6DAA40076A0D5 /* Release */,
			);
			defaultConfigurationIsVisible = 0;
			defaultConfigurationName = Release;
		};
		3674C98323B6DAA40076A0D5 /* Build configuration list for PBXNativeTarget "TFY_BannerscrollTests" */ = {
			isa = XCConfigurationList;
			buildConfigurations = (
				3674C98423B6DAA40076A0D5 /* Debug */,
				3674C98523B6DAA40076A0D5 /* Release */,
			);
			defaultConfigurationIsVisible = 0;
			defaultConfigurationName = Release;
		};
		3674C98623B6DAA40076A0D5 /* Build configuration list for PBXNativeTarget "TFY_BannerscrollUITests" */ = {
			isa = XCConfigurationList;
			buildConfigurations = (
				3674C98723B6DAA40076A0D5 /* Debug */,
				3674C98823B6DAA40076A0D5 /* Release */,
			);
			defaultConfigurationIsVisible = 0;
			defaultConfigurationName = Release;
		};
/* End XCConfigurationList section */
	};
	rootObject = 3674C94923B6DAA20076A0D5 /* Project object */;
}
